{
  "version": 4,
  "terraform_version": "1.15.6",
  "serial": 10,
  "lineage": "d646d632-0456-62e1-56ce-6f2cee19561c",
  "outputs": {},
  "resources": [
    {
      "mode": "managed",
      "type": "proxmox_vm_qemu",
      "name": "k8s",
      "provider": "provider[\"registry.terraform.io/telmate/proxmox\"]",
      "instances": [
        {
          "index_key": "k8s-master",
          "status": "tainted",
          "schema_version": 0,
          "attributes": {
            "additional_wait": 5,
            "agent": 1,
            "args": null,
            "automatic_reboot": true,
            "balloon": 0,
            "bios": "seabios",
            "boot": null,
            "bootdisk": null,
            "bridge": null,
            "ci_wait": null,
            "cicustom": null,
            "cipassword": null,
            "ciuser": "ubuntu",
            "clone": "ubuntu2404-template",
            "clone_wait": 10,
            "cloudinit_cdrom_storage": null,
            "cores": 2,
            "cpu": "host",
            "default_ipv4_address": null,
            "define_connection_info": true,
            "desc": null,
            "disk": [],
            "disk_gb": null,
            "disks": [
              {
                "ide": [],
                "sata": [],
                "scsi": [
                  {
                    "scsi0": [
                      {
                        "cdrom": [],
                        "disk": [
                          {
                            "asyncio": "",
                            "backup": true,
                            "cache": "",
                            "discard": false,
                            "emulatessd": false,
                            "format": "raw",
                            "id": 0,
                            "iops_r_burst": 0,
                            "iops_r_burst_length": 0,
                            "iops_r_concurrent": 0,
                            "iops_wr_burst": 0,
                            "iops_wr_burst_length": 0,
                            "iops_wr_concurrent": 0,
                            "iothread": false,
                            "linked_disk_id": 0,
                            "mbps_r_burst": 0,
                            "mbps_r_concurrent": 0,
                            "mbps_wr_burst": 0,
                            "mbps_wr_concurrent": 0,
                            "readonly": false,
                            "replicate": false,
                            "serial": "",
                            "size": 30,
                            "storage": "local-lvm",
                            "wwn": ""
                          }
                        ],
                        "passthrough": []
                      }
                    ],
                    "scsi1": [],
                    "scsi10": [],
                    "scsi11": [],
                    "scsi12": [],
                    "scsi13": [],
                    "scsi14": [],
                    "scsi15": [],
                    "scsi16": [],
                    "scsi17": [],
                    "scsi18": [],
                    "scsi19": [],
                    "scsi2": [],
                    "scsi20": [],
                    "scsi21": [],
                    "scsi22": [],
                    "scsi23": [],
                    "scsi24": [],
                    "scsi25": [],
                    "scsi26": [],
                    "scsi27": [],
                    "scsi28": [],
                    "scsi29": [],
                    "scsi3": [],
                    "scsi30": [],
                    "scsi4": [],
                    "scsi5": [],
                    "scsi6": [],
                    "scsi7": [],
                    "scsi8": [],
                    "scsi9": []
                  }
                ],
                "virtio": []
              }
            ],
            "efidisk": [],
            "force_create": false,
            "force_recreate_on_change_of": null,
            "full_clone": true,
            "guest_agent_ready_timeout": 100,
            "hagroup": null,
            "hastate": null,
            "hostpci": [],
            "hotplug": "network,disk,usb",
            "id": "pve/qemu/201",
            "ipconfig0": "ip=192.168.56.105/24,gw=192.168.56.1",
            "ipconfig1": null,
            "ipconfig10": null,
            "ipconfig11": null,
            "ipconfig12": null,
            "ipconfig13": null,
            "ipconfig14": null,
            "ipconfig15": null,
            "ipconfig2": null,
            "ipconfig3": null,
            "ipconfig4": null,
            "ipconfig5": null,
            "ipconfig6": null,
            "ipconfig7": null,
            "ipconfig8": null,
            "ipconfig9": null,
            "iso": null,
            "kvm": true,
            "linked_vmid": null,
            "mac": null,
            "machine": null,
            "memory": 2048,
            "name": "k8s-master",
            "nameserver": "1.1.1.1",
            "network": [
              {
                "bridge": "vmbr0",
                "firewall": false,
                "link_down": false,
                "macaddr": "",
                "model": "virtio",
                "mtu": 0,
                "queues": 0,
                "rate": 0,
                "tag": -1
              }
            ],
            "nic": null,
            "numa": null,
            "onboot": false,
            "oncreate": false,
            "os_network_config": null,
            "os_type": "cloud-init",
            "pool": null,
            "preprovision": true,
            "pxe": null,
            "qemu_os": null,
            "reboot_required": null,
            "scsihw": "virtio-scsi-single",
            "searchdomain": null,
            "serial": [],
            "smbios": null,
            "sockets": 1,
            "ssh_forward_ip": null,
            "ssh_host": null,
            "ssh_port": null,
            "ssh_private_key": null,
            "ssh_user": null,
            "sshkeys": "ssh-rsa AAAAB3NzaC1yc2EAAAADAQABAAACAQCpBV0J3eGCLajksTC3hdgXCjY/mL+DtgZHv0xCx3ZHylsf8vEwJ3XCPjGc7XZ9n+v1fFqCPKKii7S71xrpDsW4dz86Wo6Tnyno1R6gZUfwWM0jyIXsmv0QNfGk1uPx2SvQrENHtVj69s9VuDFE6Ek6ZDllnsNSLObpaDzXBFQun5oauUjqGs9j3yQ8ZxbCo8ZMVlUra5rJsQK5OS5VAqJffjOzBGkZFEjScYzWyzmgB50Cm5Lakvz6wxaTlkKJy4x74gKuJ+2X6I3vAhy5FC6+3c5ocHon8KlCFLxadz3a9rxUQhCQXwznFfrikQkhbIVA1GgOLMDlIL4YoPpeg5i+h/wok7E5c2/vaXtXn9EnUo4Udo45MEMI4cZGtyXbY892y6qDRbPxB1uRQRvQrqb/eTuRPXOXbVq/o9aA/Y3NPIwF91TX5B4QPVBY5QxQ85o8zJsm2ST/HC1xVF3avJ885tJhPcDDeWX31AsyyI7aqvwbXIleLLqZ0JV0CwmW+spSg9lNBp9S42aRYf4v7DwjPSDQ5FTaSqpJSm8m3am+ZHlAOVIUOytHY4O8nhd8mf0E/mC/QW6VqD/oLpbnNff0NvMAlwBiLfTMMfGnSIGKWgtnPzGj5YtZHEL2rKQ8TEyt/1fhvfrRlyLPSXDJRNLUMVx17abKl7BWL3wSZqJCTQ== konrad@lernit",
            "startup": null,
            "storage": null,
            "storage_type": null,
            "tablet": true,
            "tags": null,
            "target_node": "pve",
            "target_nodes": null,
            "timeouts": null,
            "unused_disk": null,
            "usb": [],
            "vcpus": 0,
            "vga": [],
            "vlan": -1,
            "vm_state": "running",
            "vmid": 201
          },
          "sensitive_attributes": [
            [
              {
                "type": "get_attr",
                "value": "cipassword"
              }
            ],
            [
              {
                "type": "get_attr",
                "value": "ssh_private_key"
              }
            ]
          ],
          "identity_schema_version": 0,
          "private": "eyJlMmJmYjczMC1lY2FhLTExZTYtOGY4OC0zNDM2M2JjN2M0YzAiOnsiY3JlYXRlIjoxMjAwMDAwMDAwMDAwLCJkZWZhdWx0IjoxMjAwMDAwMDAwMDAwLCJkZWxldGUiOjEyMDAwMDAwMDAwMDAsInJlYWQiOjEyMDAwMDAwMDAwMDAsInVwZGF0ZSI6MTIwMDAwMDAwMDAwMH19"
        },
        {
          "index_key": "k8s-worker1",
          "status": "tainted",
          "schema_version": 0,
          "attributes": {
            "additional_wait": 5,
            "agent": 1,
            "args": null,
            "automatic_reboot": true,
            "balloon": 0,
            "bios": "seabios",
            "boot": null,
            "bootdisk": null,
            "bridge": null,
            "ci_wait": null,
            "cicustom": null,
            "cipassword": null,
            "ciuser": "ubuntu",
            "clone": "ubuntu2404-template",
            "clone_wait": 10,
            "cloudinit_cdrom_storage": null,
            "cores": 2,
            "cpu": "host",
            "default_ipv4_address": null,
            "define_connection_info": true,
            "desc": null,
            "disk": [],
            "disk_gb": null,
            "disks": [
              {
                "ide": [],
                "sata": [],
                "scsi": [
                  {
                    "scsi0": [
                      {
                        "cdrom": [],
                        "disk": [
                          {
                            "asyncio": "",
                            "backup": true,
                            "cache": "",
                            "discard": false,
                            "emulatessd": false,
                            "format": "raw",
                            "id": 0,
                            "iops_r_burst": 0,
                            "iops_r_burst_length": 0,
                            "iops_r_concurrent": 0,
                            "iops_wr_burst": 0,
                            "iops_wr_burst_length": 0,
                            "iops_wr_concurrent": 0,
                            "iothread": false,
                            "linked_disk_id": 0,
                            "mbps_r_burst": 0,
                            "mbps_r_concurrent": 0,
                            "mbps_wr_burst": 0,
                            "mbps_wr_concurrent": 0,
                            "readonly": false,
                            "replicate": false,
                            "serial": "",
                            "size": 30,
                            "storage": "local-lvm",
                            "wwn": ""
                          }
                        ],
                        "passthrough": []
                      }
                    ],
                    "scsi1": [],
                    "scsi10": [],
                    "scsi11": [],
                    "scsi12": [],
                    "scsi13": [],
                    "scsi14": [],
                    "scsi15": [],
                    "scsi16": [],
                    "scsi17": [],
                    "scsi18": [],
                    "scsi19": [],
                    "scsi2": [],
                    "scsi20": [],
                    "scsi21": [],
                    "scsi22": [],
                    "scsi23": [],
                    "scsi24": [],
                    "scsi25": [],
                    "scsi26": [],
                    "scsi27": [],
                    "scsi28": [],
                    "scsi29": [],
                    "scsi3": [],
                    "scsi30": [],
                    "scsi4": [],
                    "scsi5": [],
                    "scsi6": [],
                    "scsi7": [],
                    "scsi8": [],
                    "scsi9": []
                  }
                ],
                "virtio": []
              }
            ],
            "efidisk": [],
            "force_create": false,
            "force_recreate_on_change_of": null,
            "full_clone": true,
            "guest_agent_ready_timeout": 100,
            "hagroup": null,
            "hastate": null,
            "hostpci": [],
            "hotplug": "network,disk,usb",
            "id": "pve/qemu/202",
            "ipconfig0": "ip=192.168.56.106/24,gw=192.168.56.1",
            "ipconfig1": null,
            "ipconfig10": null,
            "ipconfig11": null,
            "ipconfig12": null,
            "ipconfig13": null,
            "ipconfig14": null,
            "ipconfig15": null,
            "ipconfig2": null,
            "ipconfig3": null,
            "ipconfig4": null,
            "ipconfig5": null,
            "ipconfig6": null,
            "ipconfig7": null,
            "ipconfig8": null,
            "ipconfig9": null,
            "iso": null,
            "kvm": true,
            "linked_vmid": null,
            "mac": null,
            "machine": null,
            "memory": 2048,
            "name": "k8s-worker1",
            "nameserver": "1.1.1.1",
            "network": [
              {
                "bridge": "vmbr0",
                "firewall": false,
                "link_down": false,
                "macaddr": "",
                "model": "virtio",
                "mtu": 0,
                "queues": 0,
                "rate": 0,
                "tag": -1
              }
            ],
            "nic": null,
            "numa": null,
            "onboot": false,
            "oncreate": false,
            "os_network_config": null,
            "os_type": "cloud-init",
            "pool": null,
            "preprovision": true,
            "pxe": null,
            "qemu_os": null,
            "reboot_required": null,
            "scsihw": "virtio-scsi-single",
            "searchdomain": null,
            "serial": [],
            "smbios": null,
            "sockets": 1,
            "ssh_forward_ip": null,
            "ssh_host": null,
            "ssh_port": null,
            "ssh_private_key": null,
            "ssh_user": null,
            "sshkeys": "ssh-rsa AAAAB3NzaC1yc2EAAAADAQABAAACAQCpBV0J3eGCLajksTC3hdgXCjY/mL+DtgZHv0xCx3ZHylsf8vEwJ3XCPjGc7XZ9n+v1fFqCPKKii7S71xrpDsW4dz86Wo6Tnyno1R6gZUfwWM0jyIXsmv0QNfGk1uPx2SvQrENHtVj69s9VuDFE6Ek6ZDllnsNSLObpaDzXBFQun5oauUjqGs9j3yQ8ZxbCo8ZMVlUra5rJsQK5OS5VAqJffjOzBGkZFEjScYzWyzmgB50Cm5Lakvz6wxaTlkKJy4x74gKuJ+2X6I3vAhy5FC6+3c5ocHon8KlCFLxadz3a9rxUQhCQXwznFfrikQkhbIVA1GgOLMDlIL4YoPpeg5i+h/wok7E5c2/vaXtXn9EnUo4Udo45MEMI4cZGtyXbY892y6qDRbPxB1uRQRvQrqb/eTuRPXOXbVq/o9aA/Y3NPIwF91TX5B4QPVBY5QxQ85o8zJsm2ST/HC1xVF3avJ885tJhPcDDeWX31AsyyI7aqvwbXIleLLqZ0JV0CwmW+spSg9lNBp9S42aRYf4v7DwjPSDQ5FTaSqpJSm8m3am+ZHlAOVIUOytHY4O8nhd8mf0E/mC/QW6VqD/oLpbnNff0NvMAlwBiLfTMMfGnSIGKWgtnPzGj5YtZHEL2rKQ8TEyt/1fhvfrRlyLPSXDJRNLUMVx17abKl7BWL3wSZqJCTQ== konrad@lernit",
            "startup": null,
            "storage": null,
            "storage_type": null,
            "tablet": true,
            "tags": null,
            "target_node": "pve",
            "target_nodes": null,
            "timeouts": null,
            "unused_disk": null,
            "usb": [],
            "vcpus": 0,
            "vga": [],
            "vlan": -1,
            "vm_state": "running",
            "vmid": 202
          },
          "sensitive_attributes": [
            [
              {
                "type": "get_attr",
                "value": "cipassword"
              }
            ],
            [
              {
                "type": "get_attr",
                "value": "ssh_private_key"
              }
            ]
          ],
          "identity_schema_version": 0,
          "private": "eyJlMmJmYjczMC1lY2FhLTExZTYtOGY4OC0zNDM2M2JjN2M0YzAiOnsiY3JlYXRlIjoxMjAwMDAwMDAwMDAwLCJkZWZhdWx0IjoxMjAwMDAwMDAwMDAwLCJkZWxldGUiOjEyMDAwMDAwMDAwMDAsInJlYWQiOjEyMDAwMDAwMDAwMDAsInVwZGF0ZSI6MTIwMDAwMDAwMDAwMH19"
        },
        {
          "index_key": "k8s-worker2",
          "status": "tainted",
          "schema_version": 0,
          "attributes": {
            "additional_wait": 5,
            "agent": 1,
            "args": null,
            "automatic_reboot": true,
            "balloon": 0,
            "bios": "seabios",
            "boot": null,
            "bootdisk": null,
            "bridge": null,
            "ci_wait": null,
            "cicustom": null,
            "cipassword": null,
            "ciuser": "ubuntu",
            "clone": "ubuntu2404-template",
            "clone_wait": 10,
            "cloudinit_cdrom_storage": null,
            "cores": 2,
            "cpu": "host",
            "default_ipv4_address": null,
            "define_connection_info": true,
            "desc": null,
            "disk": [],
            "disk_gb": null,
            "disks": [
              {
                "ide": [],
                "sata": [],
                "scsi": [
                  {
                    "scsi0": [
                      {
                        "cdrom": [],
                        "disk": [
                          {
                            "asyncio": "",
                            "backup": true,
                            "cache": "",
                            "discard": false,
                            "emulatessd": false,
                            "format": "raw",
                            "id": 0,
                            "iops_r_burst": 0,
                            "iops_r_burst_length": 0,
                            "iops_r_concurrent": 0,
                            "iops_wr_burst": 0,
                            "iops_wr_burst_length": 0,
                            "iops_wr_concurrent": 0,
                            "iothread": false,
                            "linked_disk_id": 0,
                            "mbps_r_burst": 0,
                            "mbps_r_concurrent": 0,
                            "mbps_wr_burst": 0,
                            "mbps_wr_concurrent": 0,
                            "readonly": false,
                            "replicate": false,
                            "serial": "",
                            "size": 30,
                            "storage": "local-lvm",
                            "wwn": ""
                          }
                        ],
                        "passthrough": []
                      }
                    ],
                    "scsi1": [],
                    "scsi10": [],
                    "scsi11": [],
                    "scsi12": [],
                    "scsi13": [],
                    "scsi14": [],
                    "scsi15": [],
                    "scsi16": [],
                    "scsi17": [],
                    "scsi18": [],
                    "scsi19": [],
                    "scsi2": [],
                    "scsi20": [],
                    "scsi21": [],
                    "scsi22": [],
                    "scsi23": [],
                    "scsi24": [],
                    "scsi25": [],
                    "scsi26": [],
                    "scsi27": [],
                    "scsi28": [],
                    "scsi29": [],
                    "scsi3": [],
                    "scsi30": [],
                    "scsi4": [],
                    "scsi5": [],
                    "scsi6": [],
                    "scsi7": [],
                    "scsi8": [],
                    "scsi9": []
                  }
                ],
                "virtio": []
              }
            ],
            "efidisk": [],
            "force_create": false,
            "force_recreate_on_change_of": null,
            "full_clone": true,
            "guest_agent_ready_timeout": 100,
            "hagroup": null,
            "hastate": null,
            "hostpci": [],
            "hotplug": "network,disk,usb",
            "id": "pve/qemu/203",
            "ipconfig0": "ip=192.168.56.107/24,gw=192.168.56.1",
            "ipconfig1": null,
            "ipconfig10": null,
            "ipconfig11": null,
            "ipconfig12": null,
            "ipconfig13": null,
            "ipconfig14": null,
            "ipconfig15": null,
            "ipconfig2": null,
            "ipconfig3": null,
            "ipconfig4": null,
            "ipconfig5": null,
            "ipconfig6": null,
            "ipconfig7": null,
            "ipconfig8": null,
            "ipconfig9": null,
            "iso": null,
            "kvm": true,
            "linked_vmid": null,
            "mac": null,
            "machine": null,
            "memory": 2048,
            "name": "k8s-worker2",
            "nameserver": "1.1.1.1",
            "network": [
              {
                "bridge": "vmbr0",
                "firewall": false,
                "link_down": false,
                "macaddr": "",
                "model": "virtio",
                "mtu": 0,
                "queues": 0,
                "rate": 0,
                "tag": -1
              }
            ],
            "nic": null,
            "numa": null,
            "onboot": false,
            "oncreate": false,
            "os_network_config": null,
            "os_type": "cloud-init",
            "pool": null,
            "preprovision": true,
            "pxe": null,
            "qemu_os": null,
            "reboot_required": null,
            "scsihw": "virtio-scsi-single",
            "searchdomain": null,
            "serial": [],
            "smbios": null,
            "sockets": 1,
            "ssh_forward_ip": null,
            "ssh_host": null,
            "ssh_port": null,
            "ssh_private_key": null,
            "ssh_user": null,
            "sshkeys": "ssh-rsa AAAAB3NzaC1yc2EAAAADAQABAAACAQCpBV0J3eGCLajksTC3hdgXCjY/mL+DtgZHv0xCx3ZHylsf8vEwJ3XCPjGc7XZ9n+v1fFqCPKKii7S71xrpDsW4dz86Wo6Tnyno1R6gZUfwWM0jyIXsmv0QNfGk1uPx2SvQrENHtVj69s9VuDFE6Ek6ZDllnsNSLObpaDzXBFQun5oauUjqGs9j3yQ8ZxbCo8ZMVlUra5rJsQK5OS5VAqJffjOzBGkZFEjScYzWyzmgB50Cm5Lakvz6wxaTlkKJy4x74gKuJ+2X6I3vAhy5FC6+3c5ocHon8KlCFLxadz3a9rxUQhCQXwznFfrikQkhbIVA1GgOLMDlIL4YoPpeg5i+h/wok7E5c2/vaXtXn9EnUo4Udo45MEMI4cZGtyXbY892y6qDRbPxB1uRQRvQrqb/eTuRPXOXbVq/o9aA/Y3NPIwF91TX5B4QPVBY5QxQ85o8zJsm2ST/HC1xVF3avJ885tJhPcDDeWX31AsyyI7aqvwbXIleLLqZ0JV0CwmW+spSg9lNBp9S42aRYf4v7DwjPSDQ5FTaSqpJSm8m3am+ZHlAOVIUOytHY4O8nhd8mf0E/mC/QW6VqD/oLpbnNff0NvMAlwBiLfTMMfGnSIGKWgtnPzGj5YtZHEL2rKQ8TEyt/1fhvfrRlyLPSXDJRNLUMVx17abKl7BWL3wSZqJCTQ== konrad@lernit",
            "startup": null,
            "storage": null,
            "storage_type": null,
            "tablet": true,
            "tags": null,
            "target_node": "pve",
            "target_nodes": null,
            "timeouts": null,
            "unused_disk": null,
            "usb": [],
            "vcpus": 0,
            "vga": [],
            "vlan": -1,
            "vm_state": "running",
            "vmid": 203
          },
          "sensitive_attributes": [
            [
              {
                "type": "get_attr",
                "value": "cipassword"
              }
            ],
            [
              {
                "type": "get_attr",
                "value": "ssh_private_key"
              }
            ]
          ],
          "identity_schema_version": 0,
          "private": "eyJlMmJmYjczMC1lY2FhLTExZTYtOGY4OC0zNDM2M2JjN2M0YzAiOnsiY3JlYXRlIjoxMjAwMDAwMDAwMDAwLCJkZWZhdWx0IjoxMjAwMDAwMDAwMDAwLCJkZWxldGUiOjEyMDAwMDAwMDAwMDAsInJlYWQiOjEyMDAwMDAwMDAwMDAsInVwZGF0ZSI6MTIwMDAwMDAwMDAwMH19"
        }
      ]
    }
  ],
  "check_results": null
}
